
Microsoft Visual Studio Solution File, Format Version 12.00
Project("{FAE04EC0-301F-11D3-BF4B-00C04F79EFBC}") = "CheckPoint1", "..\CheckPoint1\CheckPoint1.csproj", "{72906EFE-60DB-4175-BCB7-C8A95F200845}"
EndProject
Global
	GlobalSection(SolutionConfigurationPlatforms) = preSolution
		Debug|Any CPU = Debug|Any CPU
		Release|Any CPU = Release|Any CPU
	EndGlobalSection
	GlobalSection(ProjectConfigurationPlatforms) = postSolution
		{72906EFE-60DB-4175-BCB7-C8A95F200845}.Debug|Any CPU.ActiveCfg = Debug|Any CPU
		{72906EFE-60DB-4175-BCB7-C8A95F200845}.Debug|Any CPU.Build.0 = Debug|Any CPU
		{72906EFE-60DB-4175-BCB7-C8A95F200845}.Release|Any CPU.ActiveCfg = Release|Any CPU
		{72906EFE-60DB-4175-BCB7-C8A95F200845}.Release|Any CPU.Build.0 = Release|Any CPU
	EndGlobalSection
EndGlobal
